
Microsoft Visual Studio Solution File, Format Version 12.00
# Visual Studio Version 16
VisualStudioVersion = 16.0.32106.194
MinimumVisualStudioVersion = 10.0.40219.1
Project("{FAE04EC0-301F-11D3-BF4B-00C04F79EFBC}") = "Task-13.6.1", "Task-13.6.1.csproj", "{81B61E4E-AB41-4F08-AEE2-147F804E7097}"
EndProject
Global
	GlobalSection(SolutionConfigurationPlatforms) = preSolution
		Debug|Any CPU = Debug|Any CPU
		Release|Any CPU = Release|Any CPU
	EndGlobalSection
	GlobalSection(ProjectConfigurationPlatforms) = postSolution
		{81B61E4E-AB41-4F08-AEE2-147F804E7097}.Debug|Any CPU.ActiveCfg = Debug|Any CPU
		{81B61E4E-AB41-4F08-AEE2-147F804E7097}.Debug|Any CPU.Build.0 = Debug|Any CPU
		{81B61E4E-AB41-4F08-AEE2-147F804E7097}.Release|Any CPU.ActiveCfg = Release|Any CPU
		{81B61E4E-AB41-4F08-AEE2-147F804E7097}.Release|Any CPU.Build.0 = Release|Any CPU
	EndGlobalSection
	GlobalSection(SolutionProperties) = preSolution
		HideSolutionNode = FALSE
	EndGlobalSection
	GlobalSection(ExtensibilityGlobals) = postSolution
		SolutionGuid = {D41656F6-D07B-46EC-8049-7FF9C397E696}
	EndGlobalSection
EndGlobal
